# This file is autogenerated, do not edit; changes may be undone by the next 'dep ensure'.


[[projects]]
  name = "github.com/inconshreveable/mousetrap"
  packages = ["."]
  revision = "76626ae9c91c4f2a10f34cad8ce83ea42c93bb75"
  version = "v1.0"

[[projects]]
  name = "github.com/pkg/errors"
  packages = ["."]
  revision = "645ef00459ed84a119197bfb8d8205042c6df63d"
  version = "v0.8.0"

[[projects]]
  branch = "reduce-copy-pasta-overhead"
  name = "github.com/rebuy-de/rebuy-go-sdk"
  packages = ["cmdutil"]
  revision = "948c998197a5d9c92c923e48bbe7df80ba8aa8e4"

[[projects]]
  name = "github.com/sirupsen/logrus"
  packages = ["."]
  revision = "d682213848ed68c0a260ca37d6dd5ace8423f5ba"
  version = "v1.0.4"

[[projects]]
  branch = "master"
  name = "github.com/spf13/cobra"
  packages = ["."]
  revision = "be77323fc05148ef091e83b3866c0d47c8e74a8b"

[[projects]]
  name = "github.com/spf13/pflag"
  packages = ["."]
  revision = "e57e3eeb33f795204c1ca35f56c44f83227c6e66"
  version = "v1.0.0"

[[projects]]
  branch = "master"
  name = "golang.org/x/crypto"
  packages = ["ssh/terminal"]
  revision = "9de5f2eaf759b4c4550b3db39fed2e9e5f86f45c"

[[projects]]
  branch = "master"
  name = "golang.org/x/sys"
  packages = ["unix","windows"]
  revision = "37707fdb30a5b38865cfb95e5aab41707daec7fd"

[[projects]]
  name = "gopkg.in/gemnasium/logrus-graylog-hook.v2"
  packages = ["."]
  revision = "c4a7de647eaaac00ffea599b7773e5e6804fa3b7"
  version = "v2.0.7"

[solve-meta]
  analyzer-name = "dep"
  analyzer-version = 1
  inputs-digest = "8f9aae4517513cea227f8f856b7a5b06a74167f8a14f6fe479615be4abc27f6e"
  solver-name = "gps-cdcl"
  solver-version = 1
